# THIS IS AN AUTOGENERATED FILE. DO NOT EDIT THIS FILE DIRECTLY.
# yarn lockfile v1


google-protobuf@^3.15.5:
  version "3.19.1"
  resolved "https://registry.yarnpkg.com/google-protobuf/-/google-protobuf-3.19.1.tgz#5af5390e8206c446d8f49febaffd4b7f4ac28f41"
  integrity sha512-Isv1RlNC+IzZzilcxnlVSf+JvuhxmY7DaxYCBy+zPS9XVuJRtlTTIXR9hnZ1YL1MMusJn/7eSy2swCzZIomQSg==

ts-protoc-gen@^0.15.0:
  version "0.15.0"
  resolved "https://registry.yarnpkg.com/ts-protoc-gen/-/ts-protoc-gen-0.15.0.tgz#2fec5930b46def7dcc9fa73c060d770b7b076b7b"
  integrity sha512-TycnzEyrdVDlATJ3bWFTtra3SCiEP0W0vySXReAuEygXCUr1j2uaVyL0DhzjwuUdQoW5oXPwk6oZWeA0955V+g==
  dependencies:
    google-protobuf "^3.15.5"
